
Microsoft Visual Studio Solution File, Format Version 12.00
# Visual Studio Version 16
VisualStudioVersion = 16.0.31229.75
MinimumVisualStudioVersion = 10.0.40219.1
Project("{2150E333-8FDC-42A3-9474-1A3956D46DE8}") = "Services", "Services", "{7924EF5B-1DA9-4551-83D8-CD687A191B8A}"
EndProject
Project("{2150E333-8FDC-42A3-9474-1A3956D46DE8}") = "Catalog", "Catalog", "{F76A78D1-4AA5-491F-962D-E8FD66AFDE5B}"
EndProject
Project("{9A19103F-16F7-4668-BE54-9A1E7A4F7556}") = "Catalog.API", "Services\Catalog\Catalog.API\Catalog.API.csproj", "{D4BEFF91-CB17-4BAF-9004-55E743F08754}"
EndProject
Project("{E53339B2-1760-4266-BCC7-CA923CBCF16C}") = "docker-compose", "docker-compose.dcproj", "{79000557-5DD6-49E5-A1B1-8A9150650F86}"
EndProject
Project("{2150E333-8FDC-42A3-9474-1A3956D46DE8}") = "Basket", "Basket", "{34B3B4E7-01D5-4FF7-BBB3-D6505E047E08}"
EndProject
Project("{9A19103F-16F7-4668-BE54-9A1E7A4F7556}") = "Basket.API", "Services\Basket\Basket.API\Basket.API.csproj", "{E1285002-D799-434E-B38B-3418477326B3}"
EndProject
Project("{2150E333-8FDC-42A3-9474-1A3956D46DE8}") = "Discount", "Discount", "{0FA0BE15-B2DD-444D-9BAD-05203DD00E8A}"
EndProject
Project("{9A19103F-16F7-4668-BE54-9A1E7A4F7556}") = "Discount.API", "Services\Discount\Discount.API\Discount.API.csproj", "{E7D2788F-2BE0-4175-BC09-C87E1670E5E2}"
EndProject
Project("{FAE04EC0-301F-11D3-BF4B-00C04F79EFBC}") = "Discount.Grpc", "Services\Discount\Discount.Grpc\Discount.Grpc.csproj", "{9E7FEA59-F433-4EF4-8629-B68620252101}"
EndProject
Global
	GlobalSection(SolutionConfigurationPlatforms) = preSolution
		Debug|Any CPU = Debug|Any CPU
		Release|Any CPU = Release|Any CPU
	EndGlobalSection
	GlobalSection(ProjectConfigurationPlatforms) = postSolution
		{D4BEFF91-CB17-4BAF-9004-55E743F08754}.Debug|Any CPU.ActiveCfg = Debug|Any CPU
		{D4BEFF91-CB17-4BAF-9004-55E743F08754}.Debug|Any CPU.Build.0 = Debug|Any CPU
		{D4BEFF91-CB17-4BAF-9004-55E743F08754}.Release|Any CPU.ActiveCfg = Release|Any CPU
		{D4BEFF91-CB17-4BAF-9004-55E743F08754}.Release|Any CPU.Build.0 = Release|Any CPU
		{79000557-5DD6-49E5-A1B1-8A9150650F86}.Debug|Any CPU.ActiveCfg = Debug|Any CPU
		{79000557-5DD6-49E5-A1B1-8A9150650F86}.Debug|Any CPU.Build.0 = Debug|Any CPU
		{79000557-5DD6-49E5-A1B1-8A9150650F86}.Release|Any CPU.ActiveCfg = Release|Any CPU
		{79000557-5DD6-49E5-A1B1-8A9150650F86}.Release|Any CPU.Build.0 = Release|Any CPU
		{E1285002-D799-434E-B38B-3418477326B3}.Debug|Any CPU.ActiveCfg = Debug|Any CPU
		{E1285002-D799-434E-B38B-3418477326B3}.Debug|Any CPU.Build.0 = Debug|Any CPU
		{E1285002-D799-434E-B38B-3418477326B3}.Release|Any CPU.ActiveCfg = Release|Any CPU
		{E1285002-D799-434E-B38B-3418477326B3}.Release|Any CPU.Build.0 = Release|Any CPU
		{E7D2788F-2BE0-4175-BC09-C87E1670E5E2}.Debug|Any CPU.ActiveCfg = Debug|Any CPU
		{E7D2788F-2BE0-4175-BC09-C87E1670E5E2}.Debug|Any CPU.Build.0 = Debug|Any CPU
		{E7D2788F-2BE0-4175-BC09-C87E1670E5E2}.Release|Any CPU.ActiveCfg = Release|Any CPU
		{E7D2788F-2BE0-4175-BC09-C87E1670E5E2}.Release|Any CPU.Build.0 = Release|Any CPU
		{9E7FEA59-F433-4EF4-8629-B68620252101}.Debug|Any CPU.ActiveCfg = Debug|Any CPU
		{9E7FEA59-F433-4EF4-8629-B68620252101}.Debug|Any CPU.Build.0 = Debug|Any CPU
		{9E7FEA59-F433-4EF4-8629-B68620252101}.Release|Any CPU.ActiveCfg = Release|Any CPU
		{9E7FEA59-F433-4EF4-8629-B68620252101}.Release|Any CPU.Build.0 = Release|Any CPU
	EndGlobalSection
	GlobalSection(SolutionProperties) = preSolution
		HideSolutionNode = FALSE
	EndGlobalSection
	GlobalSection(NestedProjects) = preSolution
		{F76A78D1-4AA5-491F-962D-E8FD66AFDE5B} = {7924EF5B-1DA9-4551-83D8-CD687A191B8A}
		{D4BEFF91-CB17-4BAF-9004-55E743F08754} = {F76A78D1-4AA5-491F-962D-E8FD66AFDE5B}
		{34B3B4E7-01D5-4FF7-BBB3-D6505E047E08} = {7924EF5B-1DA9-4551-83D8-CD687A191B8A}
		{E1285002-D799-434E-B38B-3418477326B3} = {34B3B4E7-01D5-4FF7-BBB3-D6505E047E08}
		{0FA0BE15-B2DD-444D-9BAD-05203DD00E8A} = {7924EF5B-1DA9-4551-83D8-CD687A191B8A}
		{E7D2788F-2BE0-4175-BC09-C87E1670E5E2} = {0FA0BE15-B2DD-444D-9BAD-05203DD00E8A}
		{9E7FEA59-F433-4EF4-8629-B68620252101} = {0FA0BE15-B2DD-444D-9BAD-05203DD00E8A}
	EndGlobalSection
	GlobalSection(ExtensibilityGlobals) = postSolution
		SolutionGuid = {45FB36E4-E285-4C04-8528-853846F7ABF4}
	EndGlobalSection
EndGlobal
